
Microsoft Visual Studio Solution File, Format Version 12.00
# Visual Studio Version 17
VisualStudioVersion = 17.6.33723.286
MinimumVisualStudioVersion = 10.0.40219.1
Project("{2150E333-8FDC-42A3-9474-1A3956D46DE8}") = "Services", "Services", "{33E139F9-845A-4978-AD7C-8E3CEB71F61C}"
EndProject
Project("{2150E333-8FDC-42A3-9474-1A3956D46DE8}") = "Catalog", "Catalog", "{588D1E70-6896-4B56-A44D-D22C6F98DD69}"
EndProject
Project("{9A19103F-16F7-4668-BE54-9A1E7A4F7556}") = "FreeCourse.Services.Catalog", "Services\Catalog\FreeCourse.Services.Catalog\FreeCourse.Services.Catalog.csproj", "{ADB64AFA-F589-42E2-B734-50B66455D874}"
EndProject
Project("{2150E333-8FDC-42A3-9474-1A3956D46DE8}") = "Notes", "Notes", "{A93F5C8E-A3D3-4B6D-8C89-791C17EE83C1}"
	ProjectSection(SolutionItems) = preProject
		Ports.txt = Ports.txt
	EndProjectSection
EndProject
Project("{2150E333-8FDC-42A3-9474-1A3956D46DE8}") = "Shared", "Shared", "{046F0823-11C8-4EAB-A8E6-B68C686AB1C7}"
EndProject
Project("{9A19103F-16F7-4668-BE54-9A1E7A4F7556}") = "FreeCourse.Shared", "Shared\FreeCourse.Shared\FreeCourse.Shared.csproj", "{92599A83-46C8-4334-A19E-42A338C0BFEB}"
EndProject
Project("{2150E333-8FDC-42A3-9474-1A3956D46DE8}") = "IdentityServer", "IdentityServer", "{34A23E7B-85D1-48DD-9C08-031FE3848FCF}"
EndProject
Project("{9A19103F-16F7-4668-BE54-9A1E7A4F7556}") = "FreeCourse.IdentityServer", "IdentityServer\FreeCourse.IdentityServer\FreeCourse.IdentityServer.csproj", "{29758876-EE0D-4963-82BB-93288310235B}"
EndProject
Project("{2150E333-8FDC-42A3-9474-1A3956D46DE8}") = "PhotoStock", "PhotoStock", "{F09FEADB-4B48-4199-9AE2-2BBC1CC97BD3}"
EndProject
Project("{9A19103F-16F7-4668-BE54-9A1E7A4F7556}") = "FreeCourse.Services.PhotoStock", "Services\PhotoStock\FreeCourse.Services.PhotoStock\FreeCourse.Services.PhotoStock.csproj", "{E43E31FF-3509-4770-B8C3-B2F953BC5754}"
EndProject
Project("{2150E333-8FDC-42A3-9474-1A3956D46DE8}") = "Basket", "Basket", "{97D75B57-3FE0-470B-B45D-B62656710468}"
EndProject
Project("{9A19103F-16F7-4668-BE54-9A1E7A4F7556}") = "FreeCourse.Services.Basket", "Services\Basket\FreeCourse.Services.Basket\FreeCourse.Services.Basket.csproj", "{1A1A0E16-E192-4DA1-BB89-477BEC638EB1}"
EndProject
Project("{2150E333-8FDC-42A3-9474-1A3956D46DE8}") = "Discount", "Discount", "{DFE12E91-28FF-4071-B8A6-65103134A0C3}"
EndProject
Project("{9A19103F-16F7-4668-BE54-9A1E7A4F7556}") = "FreeCourse.Services.Discount", "Services\Discount\FreeCourse.Services.Discount\FreeCourse.Services.Discount.csproj", "{D415E01A-80D3-4979-A49F-0FD57C098760}"
EndProject
Project("{2150E333-8FDC-42A3-9474-1A3956D46DE8}") = "Order", "Order", "{64D19298-894E-49CC-82B6-1E16F093A2D5}"
EndProject
Project("{9A19103F-16F7-4668-BE54-9A1E7A4F7556}") = "FreeCourse.Services.Order.API", "Services\Order\FreeCourse.Services.Order.API\FreeCourse.Services.Order.API.csproj", "{5E0F294F-8C69-4457-9F4D-1C787ABD0919}"
EndProject
Project("{9A19103F-16F7-4668-BE54-9A1E7A4F7556}") = "FreeCourse.Services.Order.Application", "Services\Order\FreeCourse.Services.Order.Application\FreeCourse.Services.Order.Application.csproj", "{B283473A-9BBC-4C22-AF37-B9456364376C}"
EndProject
Project("{9A19103F-16F7-4668-BE54-9A1E7A4F7556}") = "FreeCourse.Services.Order.Domain", "Services\Order\FreeCourse.Services.Order.Domain\FreeCourse.Services.Order.Domain.csproj", "{8D71B6A4-0E4C-45AE-B396-9B5D3F112B91}"
EndProject
Project("{9A19103F-16F7-4668-BE54-9A1E7A4F7556}") = "FreeCourse.Services.Order.Domain.Core", "Services\Order\FreeCourse.Services.Order.Domain.Core\FreeCourse.Services.Order.Domain.Core.csproj", "{CA316FFB-7B00-48D5-8453-56108823588D}"
EndProject
Project("{9A19103F-16F7-4668-BE54-9A1E7A4F7556}") = "FreeCourse.Services.Order.Infrastructure", "Services\Order\FreeCourse.Services.Order.Infrastructure\FreeCourse.Services.Order.Infrastructure.csproj", "{907413D8-6359-4A77-8BE6-78B27913A99D}"
EndProject
Project("{2150E333-8FDC-42A3-9474-1A3956D46DE8}") = "FakePayment", "FakePayment", "{90A4FDA7-18FC-4D9C-801A-46C25B43F13A}"
EndProject
Project("{FAE04EC0-301F-11D3-BF4B-00C04F79EFBC}") = "FreeCourse.Services.FakePayment", "Services\FakePayment\FreeCourse.Services.FakePayment\FreeCourse.Services.FakePayment.csproj", "{6F395E6F-3E50-439D-ADCE-9E5FD1187FFF}"
EndProject
Global
	GlobalSection(SolutionConfigurationPlatforms) = preSolution
		Debug|Any CPU = Debug|Any CPU
		Release|Any CPU = Release|Any CPU
	EndGlobalSection
	GlobalSection(ProjectConfigurationPlatforms) = postSolution
		{ADB64AFA-F589-42E2-B734-50B66455D874}.Debug|Any CPU.ActiveCfg = Debug|Any CPU
		{ADB64AFA-F589-42E2-B734-50B66455D874}.Debug|Any CPU.Build.0 = Debug|Any CPU
		{ADB64AFA-F589-42E2-B734-50B66455D874}.Release|Any CPU.ActiveCfg = Release|Any CPU
		{ADB64AFA-F589-42E2-B734-50B66455D874}.Release|Any CPU.Build.0 = Release|Any CPU
		{92599A83-46C8-4334-A19E-42A338C0BFEB}.Debug|Any CPU.ActiveCfg = Debug|Any CPU
		{92599A83-46C8-4334-A19E-42A338C0BFEB}.Debug|Any CPU.Build.0 = Debug|Any CPU
		{92599A83-46C8-4334-A19E-42A338C0BFEB}.Release|Any CPU.ActiveCfg = Release|Any CPU
		{92599A83-46C8-4334-A19E-42A338C0BFEB}.Release|Any CPU.Build.0 = Release|Any CPU
		{29758876-EE0D-4963-82BB-93288310235B}.Debug|Any CPU.ActiveCfg = Debug|Any CPU
		{29758876-EE0D-4963-82BB-93288310235B}.Debug|Any CPU.Build.0 = Debug|Any CPU
		{29758876-EE0D-4963-82BB-93288310235B}.Release|Any CPU.ActiveCfg = Release|Any CPU
		{29758876-EE0D-4963-82BB-93288310235B}.Release|Any CPU.Build.0 = Release|Any CPU
		{E43E31FF-3509-4770-B8C3-B2F953BC5754}.Debug|Any CPU.ActiveCfg = Debug|Any CPU
		{E43E31FF-3509-4770-B8C3-B2F953BC5754}.Debug|Any CPU.Build.0 = Debug|Any CPU
		{E43E31FF-3509-4770-B8C3-B2F953BC5754}.Release|Any CPU.ActiveCfg = Release|Any CPU
		{E43E31FF-3509-4770-B8C3-B2F953BC5754}.Release|Any CPU.Build.0 = Release|Any CPU
		{1A1A0E16-E192-4DA1-BB89-477BEC638EB1}.Debug|Any CPU.ActiveCfg = Debug|Any CPU
		{1A1A0E16-E192-4DA1-BB89-477BEC638EB1}.Debug|Any CPU.Build.0 = Debug|Any CPU
		{1A1A0E16-E192-4DA1-BB89-477BEC638EB1}.Release|Any CPU.ActiveCfg = Release|Any CPU
		{1A1A0E16-E192-4DA1-BB89-477BEC638EB1}.Release|Any CPU.Build.0 = Release|Any CPU
		{D415E01A-80D3-4979-A49F-0FD57C098760}.Debug|Any CPU.ActiveCfg = Debug|Any CPU
		{D415E01A-80D3-4979-A49F-0FD57C098760}.Debug|Any CPU.Build.0 = Debug|Any CPU
		{D415E01A-80D3-4979-A49F-0FD57C098760}.Release|Any CPU.ActiveCfg = Release|Any CPU
		{D415E01A-80D3-4979-A49F-0FD57C098760}.Release|Any CPU.Build.0 = Release|Any CPU
		{5E0F294F-8C69-4457-9F4D-1C787ABD0919}.Debug|Any CPU.ActiveCfg = Debug|Any CPU
		{5E0F294F-8C69-4457-9F4D-1C787ABD0919}.Debug|Any CPU.Build.0 = Debug|Any CPU
		{5E0F294F-8C69-4457-9F4D-1C787ABD0919}.Release|Any CPU.ActiveCfg = Release|Any CPU
		{5E0F294F-8C69-4457-9F4D-1C787ABD0919}.Release|Any CPU.Build.0 = Release|Any CPU
		{B283473A-9BBC-4C22-AF37-B9456364376C}.Debug|Any CPU.ActiveCfg = Debug|Any CPU
		{B283473A-9BBC-4C22-AF37-B9456364376C}.Debug|Any CPU.Build.0 = Debug|Any CPU
		{B283473A-9BBC-4C22-AF37-B9456364376C}.Release|Any CPU.ActiveCfg = Release|Any CPU
		{B283473A-9BBC-4C22-AF37-B9456364376C}.Release|Any CPU.Build.0 = Release|Any CPU
		{8D71B6A4-0E4C-45AE-B396-9B5D3F112B91}.Debug|Any CPU.ActiveCfg = Debug|Any CPU
		{8D71B6A4-0E4C-45AE-B396-9B5D3F112B91}.Debug|Any CPU.Build.0 = Debug|Any CPU
		{8D71B6A4-0E4C-45AE-B396-9B5D3F112B91}.Release|Any CPU.ActiveCfg = Release|Any CPU
		{8D71B6A4-0E4C-45AE-B396-9B5D3F112B91}.Release|Any CPU.Build.0 = Release|Any CPU
		{CA316FFB-7B00-48D5-8453-56108823588D}.Debug|Any CPU.ActiveCfg = Debug|Any CPU
		{CA316FFB-7B00-48D5-8453-56108823588D}.Debug|Any CPU.Build.0 = Debug|Any CPU
		{CA316FFB-7B00-48D5-8453-56108823588D}.Release|Any CPU.ActiveCfg = Release|Any CPU
		{CA316FFB-7B00-48D5-8453-56108823588D}.Release|Any CPU.Build.0 = Release|Any CPU
		{907413D8-6359-4A77-8BE6-78B27913A99D}.Debug|Any CPU.ActiveCfg = Debug|Any CPU
		{907413D8-6359-4A77-8BE6-78B27913A99D}.Debug|Any CPU.Build.0 = Debug|Any CPU
		{907413D8-6359-4A77-8BE6-78B27913A99D}.Release|Any CPU.ActiveCfg = Release|Any CPU
		{907413D8-6359-4A77-8BE6-78B27913A99D}.Release|Any CPU.Build.0 = Release|Any CPU
		{6F395E6F-3E50-439D-ADCE-9E5FD1187FFF}.Debug|Any CPU.ActiveCfg = Debug|Any CPU
		{6F395E6F-3E50-439D-ADCE-9E5FD1187FFF}.Debug|Any CPU.Build.0 = Debug|Any CPU
		{6F395E6F-3E50-439D-ADCE-9E5FD1187FFF}.Release|Any CPU.ActiveCfg = Release|Any CPU
		{6F395E6F-3E50-439D-ADCE-9E5FD1187FFF}.Release|Any CPU.Build.0 = Release|Any CPU
	EndGlobalSection
	GlobalSection(SolutionProperties) = preSolution
		HideSolutionNode = FALSE
	EndGlobalSection
	GlobalSection(NestedProjects) = preSolution
		{588D1E70-6896-4B56-A44D-D22C6F98DD69} = {33E139F9-845A-4978-AD7C-8E3CEB71F61C}
		{ADB64AFA-F589-42E2-B734-50B66455D874} = {588D1E70-6896-4B56-A44D-D22C6F98DD69}
		{92599A83-46C8-4334-A19E-42A338C0BFEB} = {046F0823-11C8-4EAB-A8E6-B68C686AB1C7}
		{29758876-EE0D-4963-82BB-93288310235B} = {34A23E7B-85D1-48DD-9C08-031FE3848FCF}
		{F09FEADB-4B48-4199-9AE2-2BBC1CC97BD3} = {33E139F9-845A-4978-AD7C-8E3CEB71F61C}
		{E43E31FF-3509-4770-B8C3-B2F953BC5754} = {F09FEADB-4B48-4199-9AE2-2BBC1CC97BD3}
		{97D75B57-3FE0-470B-B45D-B62656710468} = {33E139F9-845A-4978-AD7C-8E3CEB71F61C}
		{1A1A0E16-E192-4DA1-BB89-477BEC638EB1} = {97D75B57-3FE0-470B-B45D-B62656710468}
		{DFE12E91-28FF-4071-B8A6-65103134A0C3} = {33E139F9-845A-4978-AD7C-8E3CEB71F61C}
		{D415E01A-80D3-4979-A49F-0FD57C098760} = {DFE12E91-28FF-4071-B8A6-65103134A0C3}
		{64D19298-894E-49CC-82B6-1E16F093A2D5} = {33E139F9-845A-4978-AD7C-8E3CEB71F61C}
		{5E0F294F-8C69-4457-9F4D-1C787ABD0919} = {64D19298-894E-49CC-82B6-1E16F093A2D5}
		{B283473A-9BBC-4C22-AF37-B9456364376C} = {64D19298-894E-49CC-82B6-1E16F093A2D5}
		{8D71B6A4-0E4C-45AE-B396-9B5D3F112B91} = {64D19298-894E-49CC-82B6-1E16F093A2D5}
		{CA316FFB-7B00-48D5-8453-56108823588D} = {64D19298-894E-49CC-82B6-1E16F093A2D5}
		{907413D8-6359-4A77-8BE6-78B27913A99D} = {64D19298-894E-49CC-82B6-1E16F093A2D5}
		{90A4FDA7-18FC-4D9C-801A-46C25B43F13A} = {33E139F9-845A-4978-AD7C-8E3CEB71F61C}
		{6F395E6F-3E50-439D-ADCE-9E5FD1187FFF} = {90A4FDA7-18FC-4D9C-801A-46C25B43F13A}
	EndGlobalSection
	GlobalSection(ExtensibilityGlobals) = postSolution
		SolutionGuid = {DFCB1CA1-EB27-4570-9F4F-4CA2930B8F67}
	EndGlobalSection
EndGlobal
